
Microsoft Visual Studio Solution File, Format Version 12.00
# Visual Studio Version 16
VisualStudioVersion = 16.0.30804.86
MinimumVisualStudioVersion = 10.0.40219.1
Project("{FAE04EC0-301F-11D3-BF4B-00C04F79EFBC}") = "DACProject", "DACProject.csproj", "{027DE087-D419-4B81-B48F-9AE701B3CED1}"
EndProject
Global
	GlobalSection(SolutionConfigurationPlatforms) = preSolution
		Debug|Any CPU = Debug|Any CPU
		Release|Any CPU = Release|Any CPU
	EndGlobalSection
	GlobalSection(ProjectConfigurationPlatforms) = postSolution
		{027DE087-D419-4B81-B48F-9AE701B3CED1}.Debug|Any CPU.ActiveCfg = Debug|Any CPU
		{027DE087-D419-4B81-B48F-9AE701B3CED1}.Debug|Any CPU.Build.0 = Debug|Any CPU
		{027DE087-D419-4B81-B48F-9AE701B3CED1}.Release|Any CPU.ActiveCfg = Release|Any CPU
		{027DE087-D419-4B81-B48F-9AE701B3CED1}.Release|Any CPU.Build.0 = Release|Any CPU
	EndGlobalSection
	GlobalSection(SolutionProperties) = preSolution
		HideSolutionNode = FALSE
	EndGlobalSection
	GlobalSection(ExtensibilityGlobals) = postSolution
		SolutionGuid = {A16F5511-2591-4400-8BAD-A579BBB009F0}
	EndGlobalSection
EndGlobal
